# THIS IS AN AUTOGENERATED FILE. DO NOT EDIT THIS FILE DIRECTLY.
# yarn lockfile v1


"@types/node@*":
  version "13.9.5"
  resolved "https://registry.yarnpkg.com/@types/node/-/node-13.9.5.tgz#59738bf30b31aea1faa2df7f4a5f55613750cf00"
  integrity sha512-hkzMMD3xu6BrJpGVLeQ3htQQNAcOrJjX7WFmtK8zWQpz2UJf13LCFF2ALA7c9OVdvc2vQJeDdjfR35M0sBCxvw==

"@types/ws@^7.2.3":
  version "7.2.3"
  resolved "https://registry.yarnpkg.com/@types/ws/-/ws-7.2.3.tgz#a3add56077ac6cc9396b9502c7252a1635922032"
  integrity sha512-VT/GK7nvDA7lfHy40G3LKM+ICqmdIsBLBHGXcWD97MtqQEjNMX+7Gudo8YGpaSlYdTX7IFThhCE8Jx09HegymQ==
  dependencies:
    "@types/node" "*"

uid-promise@^1.1.0:
  version "1.1.0"
  resolved "https://registry.yarnpkg.com/uid-promise/-/uid-promise-1.1.0.tgz#af6dee53e887834e9b0da3f705bc9d7b0d002b7c"
  integrity sha512-8xlDRzI5YFQhoCaGvA/zZTZffX+7J916fVAnIBCVIcHlsHeXiDyrO8Kutb8zn5Azm3143hKlvmnf6eLEl9+hJQ==

ws@^7.2.3:
  version "7.2.3"
  resolved "https://registry.yarnpkg.com/ws/-/ws-7.2.3.tgz#a5411e1fb04d5ed0efee76d26d5c46d830c39b46"
  integrity sha512-HTDl9G9hbkNDk98naoR/cHDws7+EyYMOdL1BmjsZXRUjf7d+MficC4B7HLUPlSiho0vg+CWKrGIt/VJBd1xunQ==
